// !$*UTF8*$!
{
	archiveVersion = 1;
	classes = {
	};
	objectVersion = 56;
	objects = {

/* Begin PBXBuildFile section */
		830E561F29B42D51003118F8 /* DDTCApp.swift in Sources */ = {isa = PBXBuildFile; fileRef = 830E561E29B42D51003118F8 /* DDTCApp.swift */; };
		830E562129B42D51003118F8 /* ContentView.swift in Sources */ = {isa = PBXBuildFile; fileRef = 830E562029B42D51003118F8 /* ContentView.swift */; };
		830E562329B42D52003118F8 /* Assets.xcassets in Resources */ = {isa = PBXBuildFile; fileRef = 830E562229B42D52003118F8 /* Assets.xcassets */; };
		830E562629B42D52003118F8 /* Preview Assets.xcassets in Resources */ = {isa = PBXBuildFile; fileRef = 830E562529B42D52003118F8 /* Preview Assets.xcassets */; };
		830E562829B42D52003118F8 /* Persistence.swift in Sources */ = {isa = PBXBuildFile; fileRef = 830E562729B42D52003118F8 /* Persistence.swift */; };
		830E562B29B42D52003118F8 /* DDTC.xcdatamodeld in Sources */ = {isa = PBXBuildFile; fileRef = 830E562929B42D52003118F8 /* DDTC.xcdatamodeld */; };
		830E563629B42D52003118F8 /* DDTCTests.swift in Sources */ = {isa = PBXBuildFile; fileRef = 830E563529B42D52003118F8 /* DDTCTests.swift */; };
		830E564029B42D52003118F8 /* DDTCUITests.swift in Sources */ = {isa = PBXBuildFile; fileRef = 830E563F29B42D52003118F8 /* DDTCUITests.swift */; };
		830E564229B42D52003118F8 /* DDTCUITestsLaunchTests.swift in Sources */ = {isa = PBXBuildFile; fileRef = 830E564129B42D52003118F8 /* DDTCUITestsLaunchTests.swift */; };
/* End PBXBuildFile section */

/* Begin PBXContainerItemProxy section */
		830E563229B42D52003118F8 /* PBXContainerItemProxy */ = {
			isa = PBXContainerItemProxy;
			containerPortal = 830E561329B42D51003118F8 /* Project object */;
			proxyType = 1;
			remoteGlobalIDString = 830E561A29B42D51003118F8;
			remoteInfo = DDTC;
		};
		830E563C29B42D52003118F8 /* PBXContainerItemProxy */ = {
			isa = PBXContainerItemProxy;
			containerPortal = 830E561329B42D51003118F8 /* Project object */;
			proxyType = 1;
			remoteGlobalIDString = 830E561A29B42D51003118F8;
			remoteInfo = DDTC;
		};
/* End PBXContainerItemProxy section */

/* Begin PBXFileReference section */
		830E561B29B42D51003118F8 /* DDTC.app */ = {isa = PBXFileReference; explicitFileType = wrapper.application; includeInIndex = 0; path = DDTC.app; sourceTree = BUILT_PRODUCTS_DIR; };
		830E561E29B42D51003118F8 /* DDTCApp.swift */ = {isa = PBXFileReference; lastKnownFileType = sourcecode.swift; path = DDTCApp.swift; sourceTree = "<group>"; };
		830E562029B42D51003118F8 /* ContentView.swift */ = {isa = PBXFileReference; lastKnownFileType = sourcecode.swift; path = ContentView.swift; sourceTree = "<group>"; };
		830E562229B42D52003118F8 /* Assets.xcassets */ = {isa = PBXFileReference; lastKnownFileType = folder.assetcatalog; path = Assets.xcassets; sourceTree = "<group>"; };
		830E562529B42D52003118F8 /* Preview Assets.xcassets */ = {isa = PBXFileReference; lastKnownFileType = folder.assetcatalog; path = "Preview Assets.xcassets"; sourceTree = "<group>"; };
		830E562729B42D52003118F8 /* Persistence.swift */ = {isa = PBXFileReference; lastKnownFileType = sourcecode.swift; path = Persistence.swift; sourceTree = "<group>"; };
		830E562A29B42D52003118F8 /* DDTC.xcdatamodel */ = {isa = PBXFileReference; lastKnownFileType = wrapper.xcdatamodel; path = DDTC.xcdatamodel; sourceTree = "<group>"; };
		830E562C29B42D52003118F8 /* Info.plist */ = {isa = PBXFileReference; lastKnownFileType = text.plist.xml; path = Info.plist; sourceTree = "<group>"; };
		830E563129B42D52003118F8 /* DDTCTests.xctest */ = {isa = PBXFileReference; explicitFileType = wrapper.cfbundle; includeInIndex = 0; path = DDTCTests.xctest; sourceTree = BUILT_PRODUCTS_DIR; };
		830E563529B42D52003118F8 /* DDTCTests.swift */ = {isa = PBXFileReference; lastKnownFileType = sourcecode.swift; path = DDTCTests.swift; sourceTree = "<group>"; };
		830E563B29B42D52003118F8 /* DDTCUITests.xctest */ = {isa = PBXFileReference; explicitFileType = wrapper.cfbundle; includeInIndex = 0; path = DDTCUITests.xctest; sourceTree = BUILT_PRODUCTS_DIR; };
		830E563F29B42D52003118F8 /* DDTCUITests.swift */ = {isa = PBXFileReference; lastKnownFileType = sourcecode.swift; path = DDTCUITests.swift; sourceTree = "<group>"; };
		830E564129B42D52003118F8 /* DDTCUITestsLaunchTests.swift */ = {isa = PBXFileReference; lastKnownFileType = sourcecode.swift; path = DDTCUITestsLaunchTests.swift; sourceTree = "<group>"; };
/* End PBXFileReference section */

/* Begin PBXFrameworksBuildPhase section */
		830E561829B42D51003118F8 /* Frameworks */ = {
			isa = PBXFrameworksBuildPhase;
			buildActionMask = 2147483647;
			files = (
			);
			runOnlyForDeploymentPostprocessing = 0;
		};
		830E562E29B42D52003118F8 /* Frameworks */ = {
			isa = PBXFrameworksBuildPhase;
			buildActionMask = 2147483647;
			files = (
			);
			runOnlyForDeploymentPostprocessing = 0;
		};
		830E563829B42D52003118F8 /* Frameworks */ = {
			isa = PBXFrameworksBuildPhase;
			buildActionMask = 2147483647;
			files = (
			);
			runOnlyForDeploymentPostprocessing = 0;
		};
/* End PBXFrameworksBuildPhase section */

/* Begin PBXGroup section */
		830E561229B42D51003118F8 = {
			isa = PBXGroup;
			children = (
				830E561D29B42D51003118F8 /* DDTC */,
				830E563429B42D52003118F8 /* DDTCTests */,
				830E563E29B42D52003118F8 /* DDTCUITests */,
				830E561C29B42D51003118F8 /* Products */,
			);
			sourceTree = "<group>";
		};
		830E561C29B42D51003118F8 /* Products */ = {
			isa = PBXGroup;
			children = (
				830E561B29B42D51003118F8 /* DDTC.app */,
				830E563129B42D52003118F8 /* DDTCTests.xctest */,
				830E563B29B42D52003118F8 /* DDTCUITests.xctest */,
			);
			name = Products;
			sourceTree = "<group>";
		};
		830E561D29B42D51003118F8 /* DDTC */ = {
			isa = PBXGroup;
			children = (
				830E561E29B42D51003118F8 /* DDTCApp.swift */,
				830E562029B42D51003118F8 /* ContentView.swift */,
				830E562229B42D52003118F8 /* Assets.xcassets */,
				830E562729B42D52003118F8 /* Persistence.swift */,
				830E562C29B42D52003118F8 /* Info.plist */,
				830E562929B42D52003118F8 /* DDTC.xcdatamodeld */,
				830E562429B42D52003118F8 /* Preview Content */,
			);
			path = DDTC;
			sourceTree = "<group>";
		};
		830E562429B42D52003118F8 /* Preview Content */ = {
			isa = PBXGroup;
			children = (
				830E562529B42D52003118F8 /* Preview Assets.xcassets */,
			);
			path = "Preview Content";
			sourceTree = "<group>";
		};
		830E563429B42D52003118F8 /* DDTCTests */ = {
			isa = PBXGroup;
			children = (
				830E563529B42D52003118F8 /* DDTCTests.swift */,
			);
			path = DDTCTests;
			sourceTree = "<group>";
		};
		830E563E29B42D52003118F8 /* DDTCUITests */ = {
			isa = PBXGroup;
			children = (
				830E563F29B42D52003118F8 /* DDTCUITests.swift */,
				830E564129B42D52003118F8 /* DDTCUITestsLaunchTests.swift */,
			);
			path = DDTCUITests;
			sourceTree = "<group>";
		};
/* End PBXGroup section */

/* Begin PBXNativeTarget section */
		830E561A29B42D51003118F8 /* DDTC */ = {
			isa = PBXNativeTarget;
			buildConfigurationList = 830E564529B42D52003118F8 /* Build configuration list for PBXNativeTarget "DDTC" */;
			buildPhases = (
				830E561729B42D51003118F8 /* Sources */,
				830E561829B42D51003118F8 /* Frameworks */,
				830E561929B42D51003118F8 /* Resources */,
			);
			buildRules = (
			);
			dependencies = (
			);
			name = DDTC;
			productName = DDTC;
			productReference = 830E561B29B42D51003118F8 /* DDTC.app */;
			productType = "com.apple.product-type.application";
		};
		830E563029B42D52003118F8 /* DDTCTests */ = {
			isa = PBXNativeTarget;
			buildConfigurationList = 830E564829B42D52003118F8 /* Build configuration list for PBXNativeTarget "DDTCTests" */;
			buildPhases = (
				830E562D29B42D52003118F8 /* Sources */,
				830E562E29B42D52003118F8 /* Frameworks */,
				830E562F29B42D52003118F8 /* Resources */,
			);
			buildRules = (
			);
			dependencies = (
				830E563329B42D52003118F8 /* PBXTargetDependency */,
			);
			name = DDTCTests;
			productName = DDTCTests;
			productReference = 830E563129B42D52003118F8 /* DDTCTests.xctest */;
			productType = "com.apple.product-type.bundle.unit-test";
		};
		830E563A29B42D52003118F8 /* DDTCUITests */ = {
			isa = PBXNativeTarget;
			buildConfigurationList = 830E564B29B42D52003118F8 /* Build configuration list for PBXNativeTarget "DDTCUITests" */;
			buildPhases = (
				830E563729B42D52003118F8 /* Sources */,
				830E563829B42D52003118F8 /* Frameworks */,
				830E563929B42D52003118F8 /* Resources */,
			);
			buildRules = (
			);
			dependencies = (
				830E563D29B42D52003118F8 /* PBXTargetDependency */,
			);
			name = DDTCUITests;
			productName = DDTCUITests;
			productReference = 830E563B29B42D52003118F8 /* DDTCUITests.xctest */;
			productType = "com.apple.product-type.bundle.ui-testing";
		};
/* End PBXNativeTarget section */

/* Begin PBXProject section */
		830E561329B42D51003118F8 /* Project object */ = {
			isa = PBXProject;
			attributes = {
				BuildIndependentTargetsInParallel = 1;
				LastSwiftUpdateCheck = 1420;
				LastUpgradeCheck = 1420;
				TargetAttributes = {
					830E561A29B42D51003118F8 = {
						CreatedOnToolsVersion = 14.2;
					};
					830E563029B42D52003118F8 = {
						CreatedOnToolsVersion = 14.2;
						TestTargetID = 830E561A29B42D51003118F8;
					};
					830E563A29B42D52003118F8 = {
						CreatedOnToolsVersion = 14.2;
						TestTargetID = 830E561A29B42D51003118F8;
					};
				};
			};
			buildConfigurationList = 830E561629B42D51003118F8 /* Build configuration list for PBXProject "DDTC" */;
			compatibilityVersion = "Xcode 14.0";
			developmentRegion = en;
			hasScannedForEncodings = 0;
			knownRegions = (
				en,
				Base,
			);
			mainGroup = 830E561229B42D51003118F8;
			productRefGroup = 830E561C29B42D51003118F8 /* Products */;
			projectDirPath = "";
			projectRoot = "";
			targets = (
				830E561A29B42D51003118F8 /* DDTC */,
				830E563029B42D52003118F8 /* DDTCTests */,
				830E563A29B42D52003118F8 /* DDTCUITests */,
			);
		};
/* End PBXProject section */

/* Begin PBXResourcesBuildPhase section */
		830E561929B42D51003118F8 /* Resources */ = {
			isa = PBXResourcesBuildPhase;
			buildActionMask = 2147483647;
			files = (
				830E562629B42D52003118F8 /* Preview Assets.xcassets in Resources */,
				830E562329B42D52003118F8 /* Assets.xcassets in Resources */,
			);
			runOnlyForDeploymentPostprocessing = 0;
		};
		830E562F29B42D52003118F8 /* Resources */ = {
			isa = PBXResourcesBuildPhase;
			buildActionMask = 2147483647;
			files = (
			);
			runOnlyForDeploymentPostprocessing = 0;
		};
		830E563929B42D52003118F8 /* Resources */ = {
			isa = PBXResourcesBuildPhase;
			buildActionMask = 2147483647;
			files = (
			);
			runOnlyForDeploymentPostprocessing = 0;
		};
/* End PBXResourcesBuildPhase section */

/* Begin PBXSourcesBuildPhase section */
		830E561729B42D51003118F8 /* Sources */ = {
			isa = PBXSourcesBuildPhase;
			buildActionMask = 2147483647;
			files = (
				830E562B29B42D52003118F8 /* DDTC.xcdatamodeld in Sources */,
				830E562829B42D52003118F8 /* Persistence.swift in Sources */,
				830E562129B42D51003118F8 /* ContentView.swift in Sources */,
				830E561F29B42D51003118F8 /* DDTCApp.swift in Sources */,
			);
			runOnlyForDeploymentPostprocessing = 0;
		};
		830E562D29B42D52003118F8 /* Sources */ = {
			isa = PBXSourcesBuildPhase;
			buildActionMask = 2147483647;
			files = (
				830E563629B42D52003118F8 /* DDTCTests.swift in Sources */,
			);
			runOnlyForDeploymentPostprocessing = 0;
		};
		830E563729B42D52003118F8 /* Sources */ = {
			isa = PBXSourcesBuildPhase;
			buildActionMask = 2147483647;
			files = (
				830E564029B42D52003118F8 /* DDTCUITests.swift in Sources */,
				830E564229B42D52003118F8 /* DDTCUITestsLaunchTests.swift in Sources */,
			);
			runOnlyForDeploymentPostprocessing = 0;
		};
/* End PBXSourcesBuildPhase section */

/* Begin PBXTargetDependency section */
		830E563329B42D52003118F8 /* PBXTargetDependency */ = {
			isa = PBXTargetDependency;
			target = 830E561A29B42D51003118F8 /* DDTC */;
			targetProxy = 830E563229B42D52003118F8 /* PBXContainerItemProxy */;
		};
		830E563D29B42D52003118F8 /* PBXTargetDependency */ = {
			isa = PBXTargetDependency;
			target = 830E561A29B42D51003118F8 /* DDTC */;
			targetProxy = 830E563C29B42D52003118F8 /* PBXContainerItemProxy */;
		};
/* End PBXTargetDependency section */

/* Begin XCBuildConfiguration section */
		830E564329B42D52003118F8 /* Debug */ = {
			isa = XCBuildConfiguration;
			buildSettings = {
				ALWAYS_SEARCH_USER_PATHS = NO;
				CLANG_ANALYZER_NONNULL = YES;
				CLANG_ANALYZER_NUMBER_OBJECT_CONVERSION = YES_AGGRESSIVE;
				CLANG_CXX_LANGUAGE_STANDARD = "gnu++20";
				CLANG_ENABLE_MODULES = YES;
				CLANG_ENABLE_OBJC_ARC = YES;
				CLANG_ENABLE_OBJC_WEAK = YES;
				CLANG_WARN_BLOCK_CAPTURE_AUTORELEASING = YES;
				CLANG_WARN_BOOL_CONVERSION = YES;
				CLANG_WARN_COMMA = YES;
				CLANG_WARN_CONSTANT_CONVERSION = YES;
				CLANG_WARN_DEPRECATED_OBJC_IMPLEMENTATIONS = YES;
				CLANG_WARN_DIRECT_OBJC_ISA_USAGE = YES_ERROR;
				CLANG_WARN_DOCUMENTATION_COMMENTS = YES;
				CLANG_WARN_EMPTY_BODY = YES;
				CLANG_WARN_ENUM_CONVERSION = YES;
				CLANG_WARN_INFINITE_RECURSION = YES;
				CLANG_WARN_INT_CONVERSION = YES;
				CLANG_WARN_NON_LITERAL_NULL_CONVERSION = YES;
				CLANG_WARN_OBJC_IMPLICIT_RETAIN_SELF = YES;
				CLANG_WARN_OBJC_LITERAL_CONVERSION = YES;
				CLANG_WARN_OBJC_ROOT_CLASS = YES_ERROR;
				CLANG_WARN_QUOTED_INCLUDE_IN_FRAMEWORK_HEADER = YES;
				CLANG_WARN_RANGE_LOOP_ANALYSIS = YES;
				CLANG_WARN_STRICT_PROTOTYPES = YES;
				CLANG_WARN_SUSPICIOUS_MOVE = YES;
				CLANG_WARN_UNGUARDED_AVAILABILITY = YES_AGGRESSIVE;
				CLANG_WARN_UNREACHABLE_CODE = YES;
				CLANG_WARN__DUPLICATE_METHOD_MATCH = YES;
				COPY_PHASE_STRIP = NO;
				DEBUG_INFORMATION_FORMAT = dwarf;
				ENABLE_STRICT_OBJC_MSGSEND = YES;
				ENABLE_TESTABILITY = YES;
				GCC_C_LANGUAGE_STANDARD = gnu11;
				GCC_DYNAMIC_NO_PIC = NO;
				GCC_NO_COMMON_BLOCKS = YES;
				GCC_OPTIMIZATION_LEVEL = 0;
				GCC_PREPROCESSOR_DEFINITIONS = (
					"DEBUG=1",
					"$(inherited)",
				);
				GCC_WARN_64_TO_32_BIT_CONVERSION = YES;
				GCC_WARN_ABOUT_RETURN_TYPE = YES_ERROR;
				GCC_WARN_UNDECLARED_SELECTOR = YES;
				GCC_WARN_UNINITIALIZED_AUTOS = YES_AGGRESSIVE;
				GCC_WARN_UNUSED_FUNCTION = YES;
				GCC_WARN_UNUSED_VARIABLE = YES;
				IPHONEOS_DEPLOYMENT_TARGET = 16.2;
				MTL_ENABLE_DEBUG_INFO = INCLUDE_SOURCE;
				MTL_FAST_MATH = YES;
				ONLY_ACTIVE_ARCH = YES;
				SDKROOT = iphoneos;
				SWIFT_ACTIVE_COMPILATION_CONDITIONS = DEBUG;
				SWIFT_OPTIMIZATION_LEVEL = "-Onone";
			};
			name = Debug;
		};
		830E564429B42D52003118F8 /* Release */ = {
			isa = XCBuildConfiguration;
			buildSettings = {
				ALWAYS_SEARCH_USER_PATHS = NO;
				CLANG_ANALYZER_NONNULL = YES;
				CLANG_ANALYZER_NUMBER_OBJECT_CONVERSION = YES_AGGRESSIVE;
				CLANG_CXX_LANGUAGE_STANDARD = "gnu++20";
				CLANG_ENABLE_MODULES = YES;
				CLANG_ENABLE_OBJC_ARC = YES;
				CLANG_ENABLE_OBJC_WEAK = YES;
				CLANG_WARN_BLOCK_CAPTURE_AUTORELEASING = YES;
				CLANG_WARN_BOOL_CONVERSION = YES;
				CLANG_WARN_COMMA = YES;
				CLANG_WARN_CONSTANT_CONVERSION = YES;
				CLANG_WARN_DEPRECATED_OBJC_IMPLEMENTATIONS = YES;
				CLANG_WARN_DIRECT_OBJC_ISA_USAGE = YES_ERROR;
				CLANG_WARN_DOCUMENTATION_COMMENTS = YES;
				CLANG_WARN_EMPTY_BODY = YES;
				CLANG_WARN_ENUM_CONVERSION = YES;
				CLANG_WARN_INFINITE_RECURSION = YES;
				CLANG_WARN_INT_CONVERSION = YES;
				CLANG_WARN_NON_LITERAL_NULL_CONVERSION = YES;
				CLANG_WARN_OBJC_IMPLICIT_RETAIN_SELF = YES;
				CLANG_WARN_OBJC_LITERAL_CONVERSION = YES;
				CLANG_WARN_OBJC_ROOT_CLASS = YES_ERROR;
				CLANG_WARN_QUOTED_INCLUDE_IN_FRAMEWORK_HEADER = YES;
				CLANG_WARN_RANGE_LOOP_ANALYSIS = YES;
				CLANG_WARN_STRICT_PROTOTYPES = YES;
				CLANG_WARN_SUSPICIOUS_MOVE = YES;
				CLANG_WARN_UNGUARDED_AVAILABILITY = YES_AGGRESSIVE;
				CLANG_WARN_UNREACHABLE_CODE = YES;
				CLANG_WARN__DUPLICATE_METHOD_MATCH = YES;
				COPY_PHASE_STRIP = NO;
				DEBUG_INFORMATION_FORMAT = "dwarf-with-dsym";
				ENABLE_NS_ASSERTIONS = NO;
				ENABLE_STRICT_OBJC_MSGSEND = YES;
				GCC_C_LANGUAGE_STANDARD = gnu11;
				GCC_NO_COMMON_BLOCKS = YES;
				GCC_WARN_64_TO_32_BIT_CONVERSION = YES;
				GCC_WARN_ABOUT_RETURN_TYPE = YES_ERROR;
				GCC_WARN_UNDECLARED_SELECTOR = YES;
				GCC_WARN_UNINITIALIZED_AUTOS = YES_AGGRESSIVE;
				GCC_WARN_UNUSED_FUNCTION = YES;
				GCC_WARN_UNUSED_VARIABLE = YES;
				IPHONEOS_DEPLOYMENT_TARGET = 16.2;
				MTL_ENABLE_DEBUG_INFO = NO;
				MTL_FAST_MATH = YES;
				SDKROOT = iphoneos;
				SWIFT_COMPILATION_MODE = wholemodule;
				SWIFT_OPTIMIZATION_LEVEL = "-O";
				VALIDATE_PRODUCT = YES;
			};
			name = Release;
		};
		830E564629B42D52003118F8 /* Debug */ = {
			isa = XCBuildConfiguration;
			buildSettings = {
				ASSETCATALOG_COMPILER_APPICON_NAME = AppIcon;
				ASSETCATALOG_COMPILER_GLOBAL_ACCENT_COLOR_NAME = AccentColor;
				CODE_SIGN_STYLE = Automatic;
				CURRENT_PROJECT_VERSION = 1;
				DEVELOPMENT_ASSET_PATHS = "\"DDTC/Preview Content\"";
				DEVELOPMENT_TEAM = N4D57D6ZFB;
				ENABLE_PREVIEWS = YES;
				GENERATE_INFOPLIST_FILE = YES;
				INFOPLIST_KEY_UIApplicationSceneManifest_Generation = YES;
				INFOPLIST_KEY_UIApplicationSupportsIndirectInputEvents = YES;
				INFOPLIST_KEY_UILaunchScreen_Generation = YES;
				INFOPLIST_KEY_UISupportedInterfaceOrientations_iPad = "UIInterfaceOrientationPortrait UIInterfaceOrientationPortraitUpsideDown UIInterfaceOrientationLandscapeLeft UIInterfaceOrientationLandscapeRight";
				INFOPLIST_KEY_UISupportedInterfaceOrientations_iPhone = "UIInterfaceOrientationPortrait UIInterfaceOrientationLandscapeLeft UIInterfaceOrientationLandscapeRight";
				LD_RUNPATH_SEARCH_PATHS = (
					"$(inherited)",
					"@executable_path/Frameworks",
				);
				MARKETING_VERSION = 1.0;
				PRODUCT_BUNDLE_IDENTIFIER = "com.keeling-mayer.org.DDTC";
				PRODUCT_NAME = "$(TARGET_NAME)";
				SWIFT_EMIT_LOC_STRINGS = YES;
				SWIFT_VERSION = 5.0;
				TARGETED_DEVICE_FAMILY = "1,2";
			};
			name = Debug;
		};
		830E564729B42D52003118F8 /* Release */ = {
			isa = XCBuildConfiguration;
			buildSettings = {
				ASSETCATALOG_COMPILER_APPICON_NAME = AppIcon;
				ASSETCATALOG_COMPILER_GLOBAL_ACCENT_COLOR_NAME = AccentColor;
				CODE_SIGN_STYLE = Automatic;
				CURRENT_PROJECT_VERSION = 1;
				DEVELOPMENT_ASSET_PATHS = "\"DDTC/Preview Content\"";
				DEVELOPMENT_TEAM = N4D57D6ZFB;
				ENABLE_PREVIEWS = YES;
				GENERATE_INFOPLIST_FILE = YES;
				INFOPLIST_KEY_UIApplicationSceneManifest_Generation = YES;
				INFOPLIST_KEY_UIApplicationSupportsIndirectInputEvents = YES;
				INFOPLIST_KEY_UILaunchScreen_Generation = YES;
				INFOPLIST_KEY_UISupportedInterfaceOrientations_iPad = "UIInterfaceOrientationPortrait UIInterfaceOrientationPortraitUpsideDown UIInterfaceOrientationLandscapeLeft UIInterfaceOrientationLandscapeRight";
				INFOPLIST_KEY_UISupportedInterfaceOrientations_iPhone = "UIInterfaceOrientationPortrait UIInterfaceOrientationLandscapeLeft UIInterfaceOrientationLandscapeRight";
				LD_RUNPATH_SEARCH_PATHS = (
					"$(inherited)",
					"@executable_path/Frameworks",
				);
				MARKETING_VERSION = 1.0;
				PRODUCT_BUNDLE_IDENTIFIER = "com.keeling-mayer.org.DDTC";
				PRODUCT_NAME = "$(TARGET_NAME)";
				SWIFT_EMIT_LOC_STRINGS = YES;
				SWIFT_VERSION = 5.0;
				TARGETED_DEVICE_FAMILY = "1,2";
			};
			name = Release;
		};
		830E564929B42D52003118F8 /* Debug */ = {
			isa = XCBuildConfiguration;
			buildSettings = {
				ALWAYS_EMBED_SWIFT_STANDARD_LIBRARIES = YES;
				BUNDLE_LOADER = "$(TEST_HOST)";
				CODE_SIGN_STYLE = Automatic;
				CURRENT_PROJECT_VERSION = 1;
				DEVELOPMENT_TEAM = N4D57D6ZFB;
				GENERATE_INFOPLIST_FILE = YES;
				IPHONEOS_DEPLOYMENT_TARGET = 16.2;
				MARKETING_VERSION = 1.0;
				PRODUCT_BUNDLE_IDENTIFIER = "com.keeling-mayer.org.DDTCTests";
				PRODUCT_NAME = "$(TARGET_NAME)";
				SWIFT_EMIT_LOC_STRINGS = NO;
				SWIFT_VERSION = 5.0;
				TARGETED_DEVICE_FAMILY = "1,2";
				TEST_HOST = "$(BUILT_PRODUCTS_DIR)/DDTC.app/$(BUNDLE_EXECUTABLE_FOLDER_PATH)/DDTC";
			};
			name = Debug;
		};
		830E564A29B42D52003118F8 /* Release */ = {
			isa = XCBuildConfiguration;
			buildSettings = {
				ALWAYS_EMBED_SWIFT_STANDARD_LIBRARIES = YES;
				BUNDLE_LOADER = "$(TEST_HOST)";
				CODE_SIGN_STYLE = Automatic;
				CURRENT_PROJECT_VERSION = 1;
				DEVELOPMENT_TEAM = N4D57D6ZFB;
				GENERATE_INFOPLIST_FILE = YES;
				IPHONEOS_DEPLOYMENT_TARGET = 16.2;
				MARKETING_VERSION = 1.0;
				PRODUCT_BUNDLE_IDENTIFIER = "com.keeling-mayer.org.DDTCTests";
				PRODUCT_NAME = "$(TARGET_NAME)";
				SWIFT_EMIT_LOC_STRINGS = NO;
				SWIFT_VERSION = 5.0;
				TARGETED_DEVICE_FAMILY = "1,2";
				TEST_HOST = "$(BUILT_PRODUCTS_DIR)/DDTC.app/$(BUNDLE_EXECUTABLE_FOLDER_PATH)/DDTC";
			};
			name = Release;
		};
		830E564C29B42D52003118F8 /* Debug */ = {
			isa = XCBuildConfiguration;
			buildSettings = {
				ALWAYS_EMBED_SWIFT_STANDARD_LIBRARIES = YES;
				CODE_SIGN_STYLE = Automatic;
				CURRENT_PROJECT_VERSION = 1;
				DEVELOPMENT_TEAM = N4D57D6ZFB;
				GENERATE_INFOPLIST_FILE = YES;
				MARKETING_VERSION = 1.0;
				PRODUCT_BUNDLE_IDENTIFIER = "com.keeling-mayer.org.DDTCUITests";
				PRODUCT_NAME = "$(TARGET_NAME)";
				SWIFT_EMIT_LOC_STRINGS = NO;
				SWIFT_VERSION = 5.0;
				TARGETED_DEVICE_FAMILY = "1,2";
				TEST_TARGET_NAME = DDTC;
			};
			name = Debug;
		};
		830E564D29B42D52003118F8 /* Release */ = {
			isa = XCBuildConfiguration;
			buildSettings = {
				ALWAYS_EMBED_SWIFT_STANDARD_LIBRARIES = YES;
				CODE_SIGN_STYLE = Automatic;
				CURRENT_PROJECT_VERSION = 1;
				DEVELOPMENT_TEAM = N4D57D6ZFB;
				GENERATE_INFOPLIST_FILE = YES;
				MARKETING_VERSION = 1.0;
				PRODUCT_BUNDLE_IDENTIFIER = "com.keeling-mayer.org.DDTCUITests";
				PRODUCT_NAME = "$(TARGET_NAME)";
				SWIFT_EMIT_LOC_STRINGS = NO;
				SWIFT_VERSION = 5.0;
				TARGETED_DEVICE_FAMILY = "1,2";
				TEST_TARGET_NAME = DDTC;
			};
			name = Release;
		};
/* End XCBuildConfiguration section */

/* Begin XCConfigurationList section */
		830E561629B42D51003118F8 /* Build configuration list for PBXProject "DDTC" */ = {
			isa = XCConfigurationList;
			buildConfigurations = (
				830E564329B42D52003118F8 /* Debug */,
				830E564429B42D52003118F8 /* Release */,
			);
			defaultConfigurationIsVisible = 0;
			defaultConfigurationName = Release;
		};
		830E564529B42D52003118F8 /* Build configuration list for PBXNativeTarget "DDTC" */ = {
			isa = XCConfigurationList;
			buildConfigurations = (
				830E564629B42D52003118F8 /* Debug */,
				830E564729B42D52003118F8 /* Release */,
			);
			defaultConfigurationIsVisible = 0;
			defaultConfigurationName = Release;
		};
		830E564829B42D52003118F8 /* Build configuration list for PBXNativeTarget "DDTCTests" */ = {
			isa = XCConfigurationList;
			buildConfigurations = (
				830E564929B42D52003118F8 /* Debug */,
				830E564A29B42D52003118F8 /* Release */,
			);
			defaultConfigurationIsVisible = 0;
			defaultConfigurationName = Release;
		};
		830E564B29B42D52003118F8 /* Build configuration list for PBXNativeTarget "DDTCUITests" */ = {
			isa = XCConfigurationList;
			buildConfigurations = (
				830E564C29B42D52003118F8 /* Debug */,
				830E564D29B42D52003118F8 /* Release */,
			);
			defaultConfigurationIsVisible = 0;
			defaultConfigurationName = Release;
		};
/* End XCConfigurationList section */

/* Begin XCVersionGroup section */
		830E562929B42D52003118F8 /* DDTC.xcdatamodeld */ = {
			isa = XCVersionGroup;
			children = (
				830E562A29B42D52003118F8 /* DDTC.xcdatamodel */,
			);
			currentVersion = 830E562A29B42D52003118F8 /* DDTC.xcdatamodel */;
			path = DDTC.xcdatamodeld;
			sourceTree = "<group>";
			versionGroupType = wrapper.xcdatamodel;
		};
/* End XCVersionGroup section */
	};
	rootObject = 830E561329B42D51003118F8 /* Project object */;
}
